
Microsoft Visual Studio Solution File, Format Version 12.00
# Visual Studio Version 16
VisualStudioVersion = 16.0.31911.196
MinimumVisualStudioVersion = 10.0.40219.1
Project("{9A19103F-16F7-4668-BE54-9A1E7A4F7556}") = "HPCL-Web", "HPCL-Web\HPCL-Web.csproj", "{183416C1-060B-45AB-879A-49404783D107}"
EndProject
Project("{FAE04EC0-301F-11D3-BF4B-00C04F79EFBC}") = "HPCL.Common", "HPCL.Common\HPCL.Common.csproj", "{1DB32B0D-E597-4F7A-8DF5-5D8D4E2D8B76}"
EndProject
Global
	GlobalSection(SolutionConfigurationPlatforms) = preSolution
		Debug|Any CPU = Debug|Any CPU
		Release|Any CPU = Release|Any CPU
	EndGlobalSection
	GlobalSection(ProjectConfigurationPlatforms) = postSolution
		{183416C1-060B-45AB-879A-49404783D107}.Debug|Any CPU.ActiveCfg = Debug|Any CPU
		{183416C1-060B-45AB-879A-49404783D107}.Debug|Any CPU.Build.0 = Debug|Any CPU
		{183416C1-060B-45AB-879A-49404783D107}.Release|Any CPU.ActiveCfg = Release|Any CPU
		{183416C1-060B-45AB-879A-49404783D107}.Release|Any CPU.Build.0 = Release|Any CPU
		{1DB32B0D-E597-4F7A-8DF5-5D8D4E2D8B76}.Debug|Any CPU.ActiveCfg = Debug|Any CPU
		{1DB32B0D-E597-4F7A-8DF5-5D8D4E2D8B76}.Debug|Any CPU.Build.0 = Debug|Any CPU
		{1DB32B0D-E597-4F7A-8DF5-5D8D4E2D8B76}.Release|Any CPU.ActiveCfg = Release|Any CPU
		{1DB32B0D-E597-4F7A-8DF5-5D8D4E2D8B76}.Release|Any CPU.Build.0 = Release|Any CPU
	EndGlobalSection
	GlobalSection(SolutionProperties) = preSolution
		HideSolutionNode = FALSE
	EndGlobalSection
	GlobalSection(ExtensibilityGlobals) = postSolution
		SolutionGuid = {B6BC2F94-65F8-40C0-9528-9643A962A64B}
	EndGlobalSection
EndGlobal
